
Microsoft Visual Studio Solution File, Format Version 11.00
# Visual Studio 2010
Project("{FAE04EC0-301F-11D3-BF4B-00C04F79EFBC}") = "easyDbTools", "easyDbTools\easyDbTools.csproj", "{CE476EAA-AC7C-4C73-B82E-CC5F7FB93B23}"
EndProject
Global
	GlobalSection(SolutionConfigurationPlatforms) = preSolution
		Debug|Any CPU = Debug|Any CPU
		Release|Any CPU = Release|Any CPU
	EndGlobalSection
	GlobalSection(ProjectConfigurationPlatforms) = postSolution
		{CE476EAA-AC7C-4C73-B82E-CC5F7FB93B23}.Debug|Any CPU.ActiveCfg = Debug|Any CPU
		{CE476EAA-AC7C-4C73-B82E-CC5F7FB93B23}.Debug|Any CPU.Build.0 = Debug|Any CPU
		{CE476EAA-AC7C-4C73-B82E-CC5F7FB93B23}.Release|Any CPU.ActiveCfg = Release|Any CPU
		{CE476EAA-AC7C-4C73-B82E-CC5F7FB93B23}.Release|Any CPU.Build.0 = Release|Any CPU
	EndGlobalSection
	GlobalSection(SolutionProperties) = preSolution
		HideSolutionNode = FALSE
	EndGlobalSection
EndGlobal
